
Microsoft Visual Studio Solution File, Format Version 12.00
# Visual Studio Version 17
VisualStudioVersion = 17.9.34714.143
MinimumVisualStudioVersion = 10.0.40219.1
Project("{9092AA53-FB77-4645-B42D-1CCCA6BD08BD}") = "Lesson_2_OOP", "Lesson_2_OOP\Lesson_2_OOP.njsproj", "{EDD4FEDE-0AF6-4865-924D-096992BE9D6C}"
EndProject
Project("{9092AA53-FB77-4645-B42D-1CCCA6BD08BD}") = "Lesson_4_Type_Script", "Lesson_4_Type_Script\Lesson_4_Type_Script.njsproj", "{10186F6A-9FC3-4767-9DD3-B4245F85FFB2}"
EndProject
Project("{9092AA53-FB77-4645-B42D-1CCCA6BD08BD}") = "Lesson_6_Routing_and_Build_SPA", "Lesson_6_Routing_and_Build_SPA\Lesson_6_Routing_and_Build_SPA.njsproj", "{D7EB39E3-ED63-4997-BCDD-8E55C5E55866}"
EndProject
Project("{9092AA53-FB77-4645-B42D-1CCCA6BD08BD}") = "Lesson_8_Build_Tools", "Lesson_8_Build_Tools\Lesson_8_Build_Tools.njsproj", "{D42549D0-C725-45DF-9A47-75E8E9FB1CD2}"
EndProject
Project("{54A90642-561A-4BB1-A94E-469ADEE60C69}") = "Lesson_11_Castom_Hooks", "Lesson_11_Castom_Hooks\Lesson_11_Castom_Hooks.esproj", "{16437C37-5453-48CD-B39D-10CAF9F491A8}"
EndProject
Project("{54A90642-561A-4BB1-A94E-469ADEE60C69}") = "Lesson_14_React_Route", "Lesson_14_React_Route\Lesson_14_React_Route.esproj", "{92C89478-CDBF-4A7B-9753-78585318E30A}"
EndProject
Global
	GlobalSection(SolutionConfigurationPlatforms) = preSolution
		Debug|Any CPU = Debug|Any CPU
		Release|Any CPU = Release|Any CPU
	EndGlobalSection
	GlobalSection(ProjectConfigurationPlatforms) = postSolution
		{EDD4FEDE-0AF6-4865-924D-096992BE9D6C}.Debug|Any CPU.ActiveCfg = Debug|Any CPU
		{EDD4FEDE-0AF6-4865-924D-096992BE9D6C}.Debug|Any CPU.Build.0 = Debug|Any CPU
		{EDD4FEDE-0AF6-4865-924D-096992BE9D6C}.Release|Any CPU.ActiveCfg = Release|Any CPU
		{EDD4FEDE-0AF6-4865-924D-096992BE9D6C}.Release|Any CPU.Build.0 = Release|Any CPU
		{10186F6A-9FC3-4767-9DD3-B4245F85FFB2}.Debug|Any CPU.ActiveCfg = Debug|Any CPU
		{10186F6A-9FC3-4767-9DD3-B4245F85FFB2}.Debug|Any CPU.Build.0 = Debug|Any CPU
		{10186F6A-9FC3-4767-9DD3-B4245F85FFB2}.Release|Any CPU.ActiveCfg = Release|Any CPU
		{10186F6A-9FC3-4767-9DD3-B4245F85FFB2}.Release|Any CPU.Build.0 = Release|Any CPU
		{D7EB39E3-ED63-4997-BCDD-8E55C5E55866}.Debug|Any CPU.ActiveCfg = Debug|Any CPU
		{D7EB39E3-ED63-4997-BCDD-8E55C5E55866}.Debug|Any CPU.Build.0 = Debug|Any CPU
		{D7EB39E3-ED63-4997-BCDD-8E55C5E55866}.Release|Any CPU.ActiveCfg = Release|Any CPU
		{D7EB39E3-ED63-4997-BCDD-8E55C5E55866}.Release|Any CPU.Build.0 = Release|Any CPU
		{D42549D0-C725-45DF-9A47-75E8E9FB1CD2}.Debug|Any CPU.ActiveCfg = Debug|Any CPU
		{D42549D0-C725-45DF-9A47-75E8E9FB1CD2}.Debug|Any CPU.Build.0 = Debug|Any CPU
		{D42549D0-C725-45DF-9A47-75E8E9FB1CD2}.Release|Any CPU.ActiveCfg = Release|Any CPU
		{D42549D0-C725-45DF-9A47-75E8E9FB1CD2}.Release|Any CPU.Build.0 = Release|Any CPU
		{16437C37-5453-48CD-B39D-10CAF9F491A8}.Debug|Any CPU.ActiveCfg = Debug|Any CPU
		{16437C37-5453-48CD-B39D-10CAF9F491A8}.Debug|Any CPU.Build.0 = Debug|Any CPU
		{16437C37-5453-48CD-B39D-10CAF9F491A8}.Debug|Any CPU.Deploy.0 = Debug|Any CPU
		{16437C37-5453-48CD-B39D-10CAF9F491A8}.Release|Any CPU.ActiveCfg = Release|Any CPU
		{16437C37-5453-48CD-B39D-10CAF9F491A8}.Release|Any CPU.Build.0 = Release|Any CPU
		{16437C37-5453-48CD-B39D-10CAF9F491A8}.Release|Any CPU.Deploy.0 = Release|Any CPU
		{92C89478-CDBF-4A7B-9753-78585318E30A}.Debug|Any CPU.ActiveCfg = Debug|Any CPU
		{92C89478-CDBF-4A7B-9753-78585318E30A}.Debug|Any CPU.Build.0 = Debug|Any CPU
		{92C89478-CDBF-4A7B-9753-78585318E30A}.Debug|Any CPU.Deploy.0 = Debug|Any CPU
		{92C89478-CDBF-4A7B-9753-78585318E30A}.Release|Any CPU.ActiveCfg = Release|Any CPU
		{92C89478-CDBF-4A7B-9753-78585318E30A}.Release|Any CPU.Build.0 = Release|Any CPU
		{92C89478-CDBF-4A7B-9753-78585318E30A}.Release|Any CPU.Deploy.0 = Release|Any CPU
	EndGlobalSection
	GlobalSection(SolutionProperties) = preSolution
		HideSolutionNode = FALSE
	EndGlobalSection
	GlobalSection(ExtensibilityGlobals) = postSolution
		SolutionGuid = {87C0D059-C6BB-47B2-B0C7-686A31079A7B}
	EndGlobalSection
EndGlobal
